
Microsoft Visual Studio Solution File, Format Version 12.00
# Visual Studio Version 17
VisualStudioVersion = 17.0.31903.59
MinimumVisualStudioVersion = 10.0.40219.1
Project("{FAE04EC0-301F-11D3-BF4B-00C04F79EFBC}") = "FolhaAPI", "FolhaAPI\FolhaAPI.csproj", "{DCE24036-C54F-40B3-ADE9-E185F2CA68EE}"
EndProject
Global
	GlobalSection(SolutionConfigurationPlatforms) = preSolution
		Debug|Any CPU = Debug|Any CPU
		Release|Any CPU = Release|Any CPU
	EndGlobalSection
	GlobalSection(SolutionProperties) = preSolution
		HideSolutionNode = FALSE
	EndGlobalSection
	GlobalSection(ProjectConfigurationPlatforms) = postSolution
		{DCE24036-C54F-40B3-ADE9-E185F2CA68EE}.Debug|Any CPU.ActiveCfg = Debug|Any CPU
		{DCE24036-C54F-40B3-ADE9-E185F2CA68EE}.Debug|Any CPU.Build.0 = Debug|Any CPU
		{DCE24036-C54F-40B3-ADE9-E185F2CA68EE}.Release|Any CPU.ActiveCfg = Release|Any CPU
		{DCE24036-C54F-40B3-ADE9-E185F2CA68EE}.Release|Any CPU.Build.0 = Release|Any CPU
	EndGlobalSection
EndGlobal
